
Microsoft Visual Studio Solution File, Format Version 12.00
# Visual Studio Version 16
VisualStudioVersion = 16.0.29905.134
MinimumVisualStudioVersion = 10.0.40219.1
Project("{9A19103F-16F7-4668-BE54-9A1E7A4F7556}") = "Basics", "Basics\Basics.csproj", "{D9F598C6-3F37-44EE-BFC0-FF634F7A9B5D}"
EndProject
Project("{9A19103F-16F7-4668-BE54-9A1E7A4F7556}") = "IdentityExample", "IdentityExample\IdentityExample.csproj", "{AA38C87C-9132-4CE8-B859-889EAE606B73}"
EndProject
Project("{2150E333-8FDC-42A3-9474-1A3956D46DE8}") = "basic", "basic", "{7C925AFD-5EA1-47D9-A84A-665B9A47AAC0}"
EndProject
Project("{2150E333-8FDC-42A3-9474-1A3956D46DE8}") = "oauth", "oauth", "{D6210A50-E57E-48F9-B3E6-38E1567BB520}"
EndProject
Project("{9A19103F-16F7-4668-BE54-9A1E7A4F7556}") = "Server", "Server\Server.csproj", "{3B0821B4-47BA-4AC4-B84B-B0338E13FA5D}"
EndProject
Project("{9A19103F-16F7-4668-BE54-9A1E7A4F7556}") = "Client", "Client\Client.csproj", "{670C2B02-5B7A-4511-A0DC-E89F08B7FCB7}"
EndProject
Project("{9A19103F-16F7-4668-BE54-9A1E7A4F7556}") = "API", "API\API.csproj", "{FA0F446F-6DCC-468F-B3FD-9653C35D772D}"
EndProject
Project("{2150E333-8FDC-42A3-9474-1A3956D46DE8}") = "identityserver4", "identityserver4", "{488699A3-80FF-4299-90D3-D64255C19016}"
EndProject
Project("{9A19103F-16F7-4668-BE54-9A1E7A4F7556}") = "IdentityServer", "IdentityServer\IdentityServer.csproj", "{DCECC611-5EA9-41C4-84DB-90D0CDEB01B4}"
EndProject
Project("{9A19103F-16F7-4668-BE54-9A1E7A4F7556}") = "ApiOne", "ApiOne\ApiOne.csproj", "{9D2DD116-8FA3-439A-814D-B4F30BAA1345}"
EndProject
Project("{9A19103F-16F7-4668-BE54-9A1E7A4F7556}") = "ApiTwo", "ApiTwo\ApiTwo.csproj", "{7F196ADB-2910-4812-803B-0DB9DFDDB088}"
EndProject
Project("{9A19103F-16F7-4668-BE54-9A1E7A4F7556}") = "MvcClient", "MvcClient\MvcClient.csproj", "{2D37E1BE-9A2E-48BB-8B66-AA6AFF83E33C}"
EndProject
Project("{FAE04EC0-301F-11D3-BF4B-00C04F79EFBC}") = "JavascriptClient", "JavascriptClient\JavascriptClient.csproj", "{9DA8120E-F4C2-4A77-BEC1-1546166B3C33}"
EndProject
Global
	GlobalSection(SolutionConfigurationPlatforms) = preSolution
		Debug|Any CPU = Debug|Any CPU
		Release|Any CPU = Release|Any CPU
	EndGlobalSection
	GlobalSection(ProjectConfigurationPlatforms) = postSolution
		{D9F598C6-3F37-44EE-BFC0-FF634F7A9B5D}.Debug|Any CPU.ActiveCfg = Debug|Any CPU
		{D9F598C6-3F37-44EE-BFC0-FF634F7A9B5D}.Debug|Any CPU.Build.0 = Debug|Any CPU
		{D9F598C6-3F37-44EE-BFC0-FF634F7A9B5D}.Release|Any CPU.ActiveCfg = Release|Any CPU
		{D9F598C6-3F37-44EE-BFC0-FF634F7A9B5D}.Release|Any CPU.Build.0 = Release|Any CPU
		{AA38C87C-9132-4CE8-B859-889EAE606B73}.Debug|Any CPU.ActiveCfg = Debug|Any CPU
		{AA38C87C-9132-4CE8-B859-889EAE606B73}.Debug|Any CPU.Build.0 = Debug|Any CPU
		{AA38C87C-9132-4CE8-B859-889EAE606B73}.Release|Any CPU.ActiveCfg = Release|Any CPU
		{AA38C87C-9132-4CE8-B859-889EAE606B73}.Release|Any CPU.Build.0 = Release|Any CPU
		{3B0821B4-47BA-4AC4-B84B-B0338E13FA5D}.Debug|Any CPU.ActiveCfg = Debug|Any CPU
		{3B0821B4-47BA-4AC4-B84B-B0338E13FA5D}.Debug|Any CPU.Build.0 = Debug|Any CPU
		{3B0821B4-47BA-4AC4-B84B-B0338E13FA5D}.Release|Any CPU.ActiveCfg = Release|Any CPU
		{3B0821B4-47BA-4AC4-B84B-B0338E13FA5D}.Release|Any CPU.Build.0 = Release|Any CPU
		{670C2B02-5B7A-4511-A0DC-E89F08B7FCB7}.Debug|Any CPU.ActiveCfg = Debug|Any CPU
		{670C2B02-5B7A-4511-A0DC-E89F08B7FCB7}.Debug|Any CPU.Build.0 = Debug|Any CPU
		{670C2B02-5B7A-4511-A0DC-E89F08B7FCB7}.Release|Any CPU.ActiveCfg = Release|Any CPU
		{670C2B02-5B7A-4511-A0DC-E89F08B7FCB7}.Release|Any CPU.Build.0 = Release|Any CPU
		{FA0F446F-6DCC-468F-B3FD-9653C35D772D}.Debug|Any CPU.ActiveCfg = Debug|Any CPU
		{FA0F446F-6DCC-468F-B3FD-9653C35D772D}.Debug|Any CPU.Build.0 = Debug|Any CPU
		{FA0F446F-6DCC-468F-B3FD-9653C35D772D}.Release|Any CPU.ActiveCfg = Release|Any CPU
		{FA0F446F-6DCC-468F-B3FD-9653C35D772D}.Release|Any CPU.Build.0 = Release|Any CPU
		{DCECC611-5EA9-41C4-84DB-90D0CDEB01B4}.Debug|Any CPU.ActiveCfg = Debug|Any CPU
		{DCECC611-5EA9-41C4-84DB-90D0CDEB01B4}.Debug|Any CPU.Build.0 = Debug|Any CPU
		{DCECC611-5EA9-41C4-84DB-90D0CDEB01B4}.Release|Any CPU.ActiveCfg = Release|Any CPU
		{DCECC611-5EA9-41C4-84DB-90D0CDEB01B4}.Release|Any CPU.Build.0 = Release|Any CPU
		{9D2DD116-8FA3-439A-814D-B4F30BAA1345}.Debug|Any CPU.ActiveCfg = Debug|Any CPU
		{9D2DD116-8FA3-439A-814D-B4F30BAA1345}.Debug|Any CPU.Build.0 = Debug|Any CPU
		{9D2DD116-8FA3-439A-814D-B4F30BAA1345}.Release|Any CPU.ActiveCfg = Release|Any CPU
		{9D2DD116-8FA3-439A-814D-B4F30BAA1345}.Release|Any CPU.Build.0 = Release|Any CPU
		{7F196ADB-2910-4812-803B-0DB9DFDDB088}.Debug|Any CPU.ActiveCfg = Debug|Any CPU
		{7F196ADB-2910-4812-803B-0DB9DFDDB088}.Debug|Any CPU.Build.0 = Debug|Any CPU
		{7F196ADB-2910-4812-803B-0DB9DFDDB088}.Release|Any CPU.ActiveCfg = Release|Any CPU
		{7F196ADB-2910-4812-803B-0DB9DFDDB088}.Release|Any CPU.Build.0 = Release|Any CPU
		{2D37E1BE-9A2E-48BB-8B66-AA6AFF83E33C}.Debug|Any CPU.ActiveCfg = Debug|Any CPU
		{2D37E1BE-9A2E-48BB-8B66-AA6AFF83E33C}.Debug|Any CPU.Build.0 = Debug|Any CPU
		{2D37E1BE-9A2E-48BB-8B66-AA6AFF83E33C}.Release|Any CPU.ActiveCfg = Release|Any CPU
		{2D37E1BE-9A2E-48BB-8B66-AA6AFF83E33C}.Release|Any CPU.Build.0 = Release|Any CPU
		{9DA8120E-F4C2-4A77-BEC1-1546166B3C33}.Debug|Any CPU.ActiveCfg = Debug|Any CPU
		{9DA8120E-F4C2-4A77-BEC1-1546166B3C33}.Debug|Any CPU.Build.0 = Debug|Any CPU
		{9DA8120E-F4C2-4A77-BEC1-1546166B3C33}.Release|Any CPU.ActiveCfg = Release|Any CPU
		{9DA8120E-F4C2-4A77-BEC1-1546166B3C33}.Release|Any CPU.Build.0 = Release|Any CPU
	EndGlobalSection
	GlobalSection(SolutionProperties) = preSolution
		HideSolutionNode = FALSE
	EndGlobalSection
	GlobalSection(NestedProjects) = preSolution
		{D9F598C6-3F37-44EE-BFC0-FF634F7A9B5D} = {7C925AFD-5EA1-47D9-A84A-665B9A47AAC0}
		{AA38C87C-9132-4CE8-B859-889EAE606B73} = {7C925AFD-5EA1-47D9-A84A-665B9A47AAC0}
		{3B0821B4-47BA-4AC4-B84B-B0338E13FA5D} = {D6210A50-E57E-48F9-B3E6-38E1567BB520}
		{670C2B02-5B7A-4511-A0DC-E89F08B7FCB7} = {D6210A50-E57E-48F9-B3E6-38E1567BB520}
		{FA0F446F-6DCC-468F-B3FD-9653C35D772D} = {D6210A50-E57E-48F9-B3E6-38E1567BB520}
		{DCECC611-5EA9-41C4-84DB-90D0CDEB01B4} = {488699A3-80FF-4299-90D3-D64255C19016}
		{9D2DD116-8FA3-439A-814D-B4F30BAA1345} = {488699A3-80FF-4299-90D3-D64255C19016}
		{7F196ADB-2910-4812-803B-0DB9DFDDB088} = {488699A3-80FF-4299-90D3-D64255C19016}
		{2D37E1BE-9A2E-48BB-8B66-AA6AFF83E33C} = {488699A3-80FF-4299-90D3-D64255C19016}
		{9DA8120E-F4C2-4A77-BEC1-1546166B3C33} = {488699A3-80FF-4299-90D3-D64255C19016}
	EndGlobalSection
	GlobalSection(ExtensibilityGlobals) = postSolution
		SolutionGuid = {48C0B86B-D1D8-44B0-A5AC-9EBDC52A1164}
	EndGlobalSection
EndGlobal
