
Microsoft Visual Studio Solution File, Format Version 12.00
# Visual Studio Version 16
VisualStudioVersion = 16.0.29905.134
MinimumVisualStudioVersion = 10.0.40219.1
Project("{9A19103F-16F7-4668-BE54-9A1E7A4F7556}") = "Basics", "Basics\Basics.csproj", "{D9F598C6-3F37-44EE-BFC0-FF634F7A9B5D}"
EndProject
Project("{9A19103F-16F7-4668-BE54-9A1E7A4F7556}") = "IdentityExample", "IdentityExample\IdentityExample.csproj", "{AA38C87C-9132-4CE8-B859-889EAE606B73}"
EndProject
Project("{2150E333-8FDC-42A3-9474-1A3956D46DE8}") = "basic", "basic", "{7C925AFD-5EA1-47D9-A84A-665B9A47AAC0}"
EndProject
Project("{2150E333-8FDC-42A3-9474-1A3956D46DE8}") = "oauth", "oauth", "{D6210A50-E57E-48F9-B3E6-38E1567BB520}"
EndProject
Project("{FAE04EC0-301F-11D3-BF4B-00C04F79EFBC}") = "Server", "Server\Server.csproj", "{3B0821B4-47BA-4AC4-B84B-B0338E13FA5D}"
EndProject
Project("{FAE04EC0-301F-11D3-BF4B-00C04F79EFBC}") = "Client", "Client\Client.csproj", "{670C2B02-5B7A-4511-A0DC-E89F08B7FCB7}"
EndProject
Global
	GlobalSection(SolutionConfigurationPlatforms) = preSolution
		Debug|Any CPU = Debug|Any CPU
		Release|Any CPU = Release|Any CPU
	EndGlobalSection
	GlobalSection(ProjectConfigurationPlatforms) = postSolution
		{D9F598C6-3F37-44EE-BFC0-FF634F7A9B5D}.Debug|Any CPU.ActiveCfg = Debug|Any CPU
		{D9F598C6-3F37-44EE-BFC0-FF634F7A9B5D}.Debug|Any CPU.Build.0 = Debug|Any CPU
		{D9F598C6-3F37-44EE-BFC0-FF634F7A9B5D}.Release|Any CPU.ActiveCfg = Release|Any CPU
		{D9F598C6-3F37-44EE-BFC0-FF634F7A9B5D}.Release|Any CPU.Build.0 = Release|Any CPU
		{AA38C87C-9132-4CE8-B859-889EAE606B73}.Debug|Any CPU.ActiveCfg = Debug|Any CPU
		{AA38C87C-9132-4CE8-B859-889EAE606B73}.Debug|Any CPU.Build.0 = Debug|Any CPU
		{AA38C87C-9132-4CE8-B859-889EAE606B73}.Release|Any CPU.ActiveCfg = Release|Any CPU
		{AA38C87C-9132-4CE8-B859-889EAE606B73}.Release|Any CPU.Build.0 = Release|Any CPU
		{3B0821B4-47BA-4AC4-B84B-B0338E13FA5D}.Debug|Any CPU.ActiveCfg = Debug|Any CPU
		{3B0821B4-47BA-4AC4-B84B-B0338E13FA5D}.Debug|Any CPU.Build.0 = Debug|Any CPU
		{3B0821B4-47BA-4AC4-B84B-B0338E13FA5D}.Release|Any CPU.ActiveCfg = Release|Any CPU
		{3B0821B4-47BA-4AC4-B84B-B0338E13FA5D}.Release|Any CPU.Build.0 = Release|Any CPU
		{670C2B02-5B7A-4511-A0DC-E89F08B7FCB7}.Debug|Any CPU.ActiveCfg = Debug|Any CPU
		{670C2B02-5B7A-4511-A0DC-E89F08B7FCB7}.Debug|Any CPU.Build.0 = Debug|Any CPU
		{670C2B02-5B7A-4511-A0DC-E89F08B7FCB7}.Release|Any CPU.ActiveCfg = Release|Any CPU
		{670C2B02-5B7A-4511-A0DC-E89F08B7FCB7}.Release|Any CPU.Build.0 = Release|Any CPU
	EndGlobalSection
	GlobalSection(SolutionProperties) = preSolution
		HideSolutionNode = FALSE
	EndGlobalSection
	GlobalSection(NestedProjects) = preSolution
		{D9F598C6-3F37-44EE-BFC0-FF634F7A9B5D} = {7C925AFD-5EA1-47D9-A84A-665B9A47AAC0}
		{AA38C87C-9132-4CE8-B859-889EAE606B73} = {7C925AFD-5EA1-47D9-A84A-665B9A47AAC0}
		{3B0821B4-47BA-4AC4-B84B-B0338E13FA5D} = {D6210A50-E57E-48F9-B3E6-38E1567BB520}
		{670C2B02-5B7A-4511-A0DC-E89F08B7FCB7} = {D6210A50-E57E-48F9-B3E6-38E1567BB520}
	EndGlobalSection
	GlobalSection(ExtensibilityGlobals) = postSolution
		SolutionGuid = {48C0B86B-D1D8-44B0-A5AC-9EBDC52A1164}
	EndGlobalSection
EndGlobal
